
Microsoft Visual Studio Solution File, Format Version 12.00
# Visual Studio Version 16
VisualStudioVersion = 16.0.30114.105
MinimumVisualStudioVersion = 10.0.40219.1
Project("{2150E333-8FDC-42A3-9474-1A3956D46DE8}") = "src", "src", "{CF3AD295-77A2-41C2-96A2-21858F6775A9}"
EndProject
Project("{FAE04EC0-301F-11D3-BF4B-00C04F79EFBC}") = "DemoProject", "src\DemoProject\DemoProject.csproj", "{2BCD93AF-DCC4-4875-9AAA-0CE18C4216EA}"
EndProject
Global
	GlobalSection(SolutionConfigurationPlatforms) = preSolution
		Debug|Any CPU = Debug|Any CPU
		Release|Any CPU = Release|Any CPU
	EndGlobalSection
	GlobalSection(SolutionProperties) = preSolution
		HideSolutionNode = FALSE
	EndGlobalSection
	GlobalSection(ProjectConfigurationPlatforms) = postSolution
		{2BCD93AF-DCC4-4875-9AAA-0CE18C4216EA}.Debug|Any CPU.ActiveCfg = Debug|Any CPU
		{2BCD93AF-DCC4-4875-9AAA-0CE18C4216EA}.Debug|Any CPU.Build.0 = Debug|Any CPU
		{2BCD93AF-DCC4-4875-9AAA-0CE18C4216EA}.Release|Any CPU.ActiveCfg = Release|Any CPU
		{2BCD93AF-DCC4-4875-9AAA-0CE18C4216EA}.Release|Any CPU.Build.0 = Release|Any CPU
	EndGlobalSection
	GlobalSection(NestedProjects) = preSolution
		{2BCD93AF-DCC4-4875-9AAA-0CE18C4216EA} = {CF3AD295-77A2-41C2-96A2-21858F6775A9}
	EndGlobalSection
EndGlobal
